
Microsoft Visual Studio Solution File, Format Version 12.00
# Visual Studio 15
VisualStudioVersion = 15.0.26823.1
MinimumVisualStudioVersion = 10.0.40219.1
Project("{9A19103F-16F7-4668-BE54-9A1E7A4F7556}") = "Cafeteria.CoreLibs", "Cafeteria.CoreLibs\Cafeteria.CoreLibs.csproj", "{9D4894CD-AC62-4AD0-ADB8-C4D186F7B303}"
EndProject
Project("{9A19103F-16F7-4668-BE54-9A1E7A4F7556}") = "Cafeteria.SharedView", "Cafeteria.SharedView\Cafeteria.SharedView.csproj", "{2ED2AFA0-7711-4556-9AC6-A51E7E928498}"
EndProject
Project("{FAE04EC0-301F-11D3-BF4B-00C04F79EFBC}") = "Cafeteria.Droid", "Cafeteria.Droid\Cafeteria.Droid.csproj", "{DC92B755-754A-498F-BECF-0B4C53A1BB9E}"
EndProject
Global
	GlobalSection(SolutionConfigurationPlatforms) = preSolution
		Ad-Hoc|Any CPU = Ad-Hoc|Any CPU
		Ad-Hoc|ARM = Ad-Hoc|ARM
		Ad-Hoc|iPhone = Ad-Hoc|iPhone
		Ad-Hoc|iPhoneSimulator = Ad-Hoc|iPhoneSimulator
		Ad-Hoc|x64 = Ad-Hoc|x64
		Ad-Hoc|x86 = Ad-Hoc|x86
		AppStore|Any CPU = AppStore|Any CPU
		AppStore|ARM = AppStore|ARM
		AppStore|iPhone = AppStore|iPhone
		AppStore|iPhoneSimulator = AppStore|iPhoneSimulator
		AppStore|x64 = AppStore|x64
		AppStore|x86 = AppStore|x86
		Debug|Any CPU = Debug|Any CPU
		Debug|ARM = Debug|ARM
		Debug|iPhone = Debug|iPhone
		Debug|iPhoneSimulator = Debug|iPhoneSimulator
		Debug|x64 = Debug|x64
		Debug|x86 = Debug|x86
		Release|Any CPU = Release|Any CPU
		Release|ARM = Release|ARM
		Release|iPhone = Release|iPhone
		Release|iPhoneSimulator = Release|iPhoneSimulator
		Release|x64 = Release|x64
		Release|x86 = Release|x86
	EndGlobalSection
	GlobalSection(ProjectConfigurationPlatforms) = postSolution
		{9D4894CD-AC62-4AD0-ADB8-C4D186F7B303}.Ad-Hoc|Any CPU.ActiveCfg = Debug|Any CPU
		{9D4894CD-AC62-4AD0-ADB8-C4D186F7B303}.Ad-Hoc|Any CPU.Build.0 = Debug|Any CPU
		{9D4894CD-AC62-4AD0-ADB8-C4D186F7B303}.Ad-Hoc|ARM.ActiveCfg = Debug|Any CPU
		{9D4894CD-AC62-4AD0-ADB8-C4D186F7B303}.Ad-Hoc|ARM.Build.0 = Debug|Any CPU
		{9D4894CD-AC62-4AD0-ADB8-C4D186F7B303}.Ad-Hoc|iPhone.ActiveCfg = Debug|Any CPU
		{9D4894CD-AC62-4AD0-ADB8-C4D186F7B303}.Ad-Hoc|iPhone.Build.0 = Debug|Any CPU
		{9D4894CD-AC62-4AD0-ADB8-C4D186F7B303}.Ad-Hoc|iPhoneSimulator.ActiveCfg = Debug|Any CPU
		{9D4894CD-AC62-4AD0-ADB8-C4D186F7B303}.Ad-Hoc|iPhoneSimulator.Build.0 = Debug|Any CPU
		{9D4894CD-AC62-4AD0-ADB8-C4D186F7B303}.Ad-Hoc|x64.ActiveCfg = Debug|Any CPU
		{9D4894CD-AC62-4AD0-ADB8-C4D186F7B303}.Ad-Hoc|x64.Build.0 = Debug|Any CPU
		{9D4894CD-AC62-4AD0-ADB8-C4D186F7B303}.Ad-Hoc|x86.ActiveCfg = Debug|Any CPU
		{9D4894CD-AC62-4AD0-ADB8-C4D186F7B303}.Ad-Hoc|x86.Build.0 = Debug|Any CPU
		{9D4894CD-AC62-4AD0-ADB8-C4D186F7B303}.AppStore|Any CPU.ActiveCfg = Debug|Any CPU
		{9D4894CD-AC62-4AD0-ADB8-C4D186F7B303}.AppStore|Any CPU.Build.0 = Debug|Any CPU
		{9D4894CD-AC62-4AD0-ADB8-C4D186F7B303}.AppStore|ARM.ActiveCfg = Debug|Any CPU
		{9D4894CD-AC62-4AD0-ADB8-C4D186F7B303}.AppStore|ARM.Build.0 = Debug|Any CPU
		{9D4894CD-AC62-4AD0-ADB8-C4D186F7B303}.AppStore|iPhone.ActiveCfg = Debug|Any CPU
		{9D4894CD-AC62-4AD0-ADB8-C4D186F7B303}.AppStore|iPhone.Build.0 = Debug|Any CPU
		{9D4894CD-AC62-4AD0-ADB8-C4D186F7B303}.AppStore|iPhoneSimulator.ActiveCfg = Debug|Any CPU
		{9D4894CD-AC62-4AD0-ADB8-C4D186F7B303}.AppStore|iPhoneSimulator.Build.0 = Debug|Any CPU
		{9D4894CD-AC62-4AD0-ADB8-C4D186F7B303}.AppStore|x64.ActiveCfg = Debug|Any CPU
		{9D4894CD-AC62-4AD0-ADB8-C4D186F7B303}.AppStore|x64.Build.0 = Debug|Any CPU
		{9D4894CD-AC62-4AD0-ADB8-C4D186F7B303}.AppStore|x86.ActiveCfg = Debug|Any CPU
		{9D4894CD-AC62-4AD0-ADB8-C4D186F7B303}.AppStore|x86.Build.0 = Debug|Any CPU
		{9D4894CD-AC62-4AD0-ADB8-C4D186F7B303}.Debug|Any CPU.ActiveCfg = Debug|Any CPU
		{9D4894CD-AC62-4AD0-ADB8-C4D186F7B303}.Debug|Any CPU.Build.0 = Debug|Any CPU
		{9D4894CD-AC62-4AD0-ADB8-C4D186F7B303}.Debug|ARM.ActiveCfg = Debug|Any CPU
		{9D4894CD-AC62-4AD0-ADB8-C4D186F7B303}.Debug|ARM.Build.0 = Debug|Any CPU
		{9D4894CD-AC62-4AD0-ADB8-C4D186F7B303}.Debug|iPhone.ActiveCfg = Debug|Any CPU
		{9D4894CD-AC62-4AD0-ADB8-C4D186F7B303}.Debug|iPhone.Build.0 = Debug|Any CPU
		{9D4894CD-AC62-4AD0-ADB8-C4D186F7B303}.Debug|iPhoneSimulator.ActiveCfg = Debug|Any CPU
		{9D4894CD-AC62-4AD0-ADB8-C4D186F7B303}.Debug|iPhoneSimulator.Build.0 = Debug|Any CPU
		{9D4894CD-AC62-4AD0-ADB8-C4D186F7B303}.Debug|x64.ActiveCfg = Debug|Any CPU
		{9D4894CD-AC62-4AD0-ADB8-C4D186F7B303}.Debug|x64.Build.0 = Debug|Any CPU
		{9D4894CD-AC62-4AD0-ADB8-C4D186F7B303}.Debug|x86.ActiveCfg = Debug|Any CPU
		{9D4894CD-AC62-4AD0-ADB8-C4D186F7B303}.Debug|x86.Build.0 = Debug|Any CPU
		{9D4894CD-AC62-4AD0-ADB8-C4D186F7B303}.Release|Any CPU.ActiveCfg = Release|Any CPU
		{9D4894CD-AC62-4AD0-ADB8-C4D186F7B303}.Release|Any CPU.Build.0 = Release|Any CPU
		{9D4894CD-AC62-4AD0-ADB8-C4D186F7B303}.Release|ARM.ActiveCfg = Release|Any CPU
		{9D4894CD-AC62-4AD0-ADB8-C4D186F7B303}.Release|ARM.Build.0 = Release|Any CPU
		{9D4894CD-AC62-4AD0-ADB8-C4D186F7B303}.Release|iPhone.ActiveCfg = Release|Any CPU
		{9D4894CD-AC62-4AD0-ADB8-C4D186F7B303}.Release|iPhone.Build.0 = Release|Any CPU
		{9D4894CD-AC62-4AD0-ADB8-C4D186F7B303}.Release|iPhoneSimulator.ActiveCfg = Release|Any CPU
		{9D4894CD-AC62-4AD0-ADB8-C4D186F7B303}.Release|iPhoneSimulator.Build.0 = Release|Any CPU
		{9D4894CD-AC62-4AD0-ADB8-C4D186F7B303}.Release|x64.ActiveCfg = Release|Any CPU
		{9D4894CD-AC62-4AD0-ADB8-C4D186F7B303}.Release|x64.Build.0 = Release|Any CPU
		{9D4894CD-AC62-4AD0-ADB8-C4D186F7B303}.Release|x86.ActiveCfg = Release|Any CPU
		{9D4894CD-AC62-4AD0-ADB8-C4D186F7B303}.Release|x86.Build.0 = Release|Any CPU
		{2ED2AFA0-7711-4556-9AC6-A51E7E928498}.Ad-Hoc|Any CPU.ActiveCfg = Debug|Any CPU
		{2ED2AFA0-7711-4556-9AC6-A51E7E928498}.Ad-Hoc|Any CPU.Build.0 = Debug|Any CPU
		{2ED2AFA0-7711-4556-9AC6-A51E7E928498}.Ad-Hoc|ARM.ActiveCfg = Debug|Any CPU
		{2ED2AFA0-7711-4556-9AC6-A51E7E928498}.Ad-Hoc|ARM.Build.0 = Debug|Any CPU
		{2ED2AFA0-7711-4556-9AC6-A51E7E928498}.Ad-Hoc|iPhone.ActiveCfg = Debug|Any CPU
		{2ED2AFA0-7711-4556-9AC6-A51E7E928498}.Ad-Hoc|iPhone.Build.0 = Debug|Any CPU
		{2ED2AFA0-7711-4556-9AC6-A51E7E928498}.Ad-Hoc|iPhoneSimulator.ActiveCfg = Debug|Any CPU
		{2ED2AFA0-7711-4556-9AC6-A51E7E928498}.Ad-Hoc|iPhoneSimulator.Build.0 = Debug|Any CPU
		{2ED2AFA0-7711-4556-9AC6-A51E7E928498}.Ad-Hoc|x64.ActiveCfg = Debug|Any CPU
		{2ED2AFA0-7711-4556-9AC6-A51E7E928498}.Ad-Hoc|x64.Build.0 = Debug|Any CPU
		{2ED2AFA0-7711-4556-9AC6-A51E7E928498}.Ad-Hoc|x86.ActiveCfg = Debug|Any CPU
		{2ED2AFA0-7711-4556-9AC6-A51E7E928498}.Ad-Hoc|x86.Build.0 = Debug|Any CPU
		{2ED2AFA0-7711-4556-9AC6-A51E7E928498}.AppStore|Any CPU.ActiveCfg = Debug|Any CPU
		{2ED2AFA0-7711-4556-9AC6-A51E7E928498}.AppStore|Any CPU.Build.0 = Debug|Any CPU
		{2ED2AFA0-7711-4556-9AC6-A51E7E928498}.AppStore|ARM.ActiveCfg = Debug|Any CPU
		{2ED2AFA0-7711-4556-9AC6-A51E7E928498}.AppStore|ARM.Build.0 = Debug|Any CPU
		{2ED2AFA0-7711-4556-9AC6-A51E7E928498}.AppStore|iPhone.ActiveCfg = Debug|Any CPU
		{2ED2AFA0-7711-4556-9AC6-A51E7E928498}.AppStore|iPhone.Build.0 = Debug|Any CPU
		{2ED2AFA0-7711-4556-9AC6-A51E7E928498}.AppStore|iPhoneSimulator.ActiveCfg = Debug|Any CPU
		{2ED2AFA0-7711-4556-9AC6-A51E7E928498}.AppStore|iPhoneSimulator.Build.0 = Debug|Any CPU
		{2ED2AFA0-7711-4556-9AC6-A51E7E928498}.AppStore|x64.ActiveCfg = Debug|Any CPU
		{2ED2AFA0-7711-4556-9AC6-A51E7E928498}.AppStore|x64.Build.0 = Debug|Any CPU
		{2ED2AFA0-7711-4556-9AC6-A51E7E928498}.AppStore|x86.ActiveCfg = Debug|Any CPU
		{2ED2AFA0-7711-4556-9AC6-A51E7E928498}.AppStore|x86.Build.0 = Debug|Any CPU
		{2ED2AFA0-7711-4556-9AC6-A51E7E928498}.Debug|Any CPU.ActiveCfg = Debug|Any CPU
		{2ED2AFA0-7711-4556-9AC6-A51E7E928498}.Debug|Any CPU.Build.0 = Debug|Any CPU
		{2ED2AFA0-7711-4556-9AC6-A51E7E928498}.Debug|ARM.ActiveCfg = Debug|Any CPU
		{2ED2AFA0-7711-4556-9AC6-A51E7E928498}.Debug|ARM.Build.0 = Debug|Any CPU
		{2ED2AFA0-7711-4556-9AC6-A51E7E928498}.Debug|iPhone.ActiveCfg = Debug|Any CPU
		{2ED2AFA0-7711-4556-9AC6-A51E7E928498}.Debug|iPhone.Build.0 = Debug|Any CPU
		{2ED2AFA0-7711-4556-9AC6-A51E7E928498}.Debug|iPhoneSimulator.ActiveCfg = Debug|Any CPU
		{2ED2AFA0-7711-4556-9AC6-A51E7E928498}.Debug|iPhoneSimulator.Build.0 = Debug|Any CPU
		{2ED2AFA0-7711-4556-9AC6-A51E7E928498}.Debug|x64.ActiveCfg = Debug|Any CPU
		{2ED2AFA0-7711-4556-9AC6-A51E7E928498}.Debug|x64.Build.0 = Debug|Any CPU
		{2ED2AFA0-7711-4556-9AC6-A51E7E928498}.Debug|x86.ActiveCfg = Debug|Any CPU
		{2ED2AFA0-7711-4556-9AC6-A51E7E928498}.Debug|x86.Build.0 = Debug|Any CPU
		{2ED2AFA0-7711-4556-9AC6-A51E7E928498}.Release|Any CPU.ActiveCfg = Release|Any CPU
		{2ED2AFA0-7711-4556-9AC6-A51E7E928498}.Release|Any CPU.Build.0 = Release|Any CPU
		{2ED2AFA0-7711-4556-9AC6-A51E7E928498}.Release|ARM.ActiveCfg = Release|Any CPU
		{2ED2AFA0-7711-4556-9AC6-A51E7E928498}.Release|ARM.Build.0 = Release|Any CPU
		{2ED2AFA0-7711-4556-9AC6-A51E7E928498}.Release|iPhone.ActiveCfg = Release|Any CPU
		{2ED2AFA0-7711-4556-9AC6-A51E7E928498}.Release|iPhone.Build.0 = Release|Any CPU
		{2ED2AFA0-7711-4556-9AC6-A51E7E928498}.Release|iPhoneSimulator.ActiveCfg = Release|Any CPU
		{2ED2AFA0-7711-4556-9AC6-A51E7E928498}.Release|iPhoneSimulator.Build.0 = Release|Any CPU
		{2ED2AFA0-7711-4556-9AC6-A51E7E928498}.Release|x64.ActiveCfg = Release|Any CPU
		{2ED2AFA0-7711-4556-9AC6-A51E7E928498}.Release|x64.Build.0 = Release|Any CPU
		{2ED2AFA0-7711-4556-9AC6-A51E7E928498}.Release|x86.ActiveCfg = Release|Any CPU
		{2ED2AFA0-7711-4556-9AC6-A51E7E928498}.Release|x86.Build.0 = Release|Any CPU
		{DC92B755-754A-498F-BECF-0B4C53A1BB9E}.Ad-Hoc|Any CPU.ActiveCfg = Release|Any CPU
		{DC92B755-754A-498F-BECF-0B4C53A1BB9E}.Ad-Hoc|Any CPU.Build.0 = Release|Any CPU
		{DC92B755-754A-498F-BECF-0B4C53A1BB9E}.Ad-Hoc|Any CPU.Deploy.0 = Release|Any CPU
		{DC92B755-754A-498F-BECF-0B4C53A1BB9E}.Ad-Hoc|ARM.ActiveCfg = Release|Any CPU
		{DC92B755-754A-498F-BECF-0B4C53A1BB9E}.Ad-Hoc|ARM.Build.0 = Release|Any CPU
		{DC92B755-754A-498F-BECF-0B4C53A1BB9E}.Ad-Hoc|ARM.Deploy.0 = Release|Any CPU
		{DC92B755-754A-498F-BECF-0B4C53A1BB9E}.Ad-Hoc|iPhone.ActiveCfg = Release|Any CPU
		{DC92B755-754A-498F-BECF-0B4C53A1BB9E}.Ad-Hoc|iPhone.Build.0 = Release|Any CPU
		{DC92B755-754A-498F-BECF-0B4C53A1BB9E}.Ad-Hoc|iPhone.Deploy.0 = Release|Any CPU
		{DC92B755-754A-498F-BECF-0B4C53A1BB9E}.Ad-Hoc|iPhoneSimulator.ActiveCfg = Release|Any CPU
		{DC92B755-754A-498F-BECF-0B4C53A1BB9E}.Ad-Hoc|iPhoneSimulator.Build.0 = Release|Any CPU
		{DC92B755-754A-498F-BECF-0B4C53A1BB9E}.Ad-Hoc|iPhoneSimulator.Deploy.0 = Release|Any CPU
		{DC92B755-754A-498F-BECF-0B4C53A1BB9E}.Ad-Hoc|x64.ActiveCfg = Release|Any CPU
		{DC92B755-754A-498F-BECF-0B4C53A1BB9E}.Ad-Hoc|x64.Build.0 = Release|Any CPU
		{DC92B755-754A-498F-BECF-0B4C53A1BB9E}.Ad-Hoc|x64.Deploy.0 = Release|Any CPU
		{DC92B755-754A-498F-BECF-0B4C53A1BB9E}.Ad-Hoc|x86.ActiveCfg = Release|Any CPU
		{DC92B755-754A-498F-BECF-0B4C53A1BB9E}.Ad-Hoc|x86.Build.0 = Release|Any CPU
		{DC92B755-754A-498F-BECF-0B4C53A1BB9E}.Ad-Hoc|x86.Deploy.0 = Release|Any CPU
		{DC92B755-754A-498F-BECF-0B4C53A1BB9E}.AppStore|Any CPU.ActiveCfg = Release|Any CPU
		{DC92B755-754A-498F-BECF-0B4C53A1BB9E}.AppStore|Any CPU.Build.0 = Release|Any CPU
		{DC92B755-754A-498F-BECF-0B4C53A1BB9E}.AppStore|Any CPU.Deploy.0 = Release|Any CPU
		{DC92B755-754A-498F-BECF-0B4C53A1BB9E}.AppStore|ARM.ActiveCfg = Release|Any CPU
		{DC92B755-754A-498F-BECF-0B4C53A1BB9E}.AppStore|ARM.Build.0 = Release|Any CPU
		{DC92B755-754A-498F-BECF-0B4C53A1BB9E}.AppStore|ARM.Deploy.0 = Release|Any CPU
		{DC92B755-754A-498F-BECF-0B4C53A1BB9E}.AppStore|iPhone.ActiveCfg = Release|Any CPU
		{DC92B755-754A-498F-BECF-0B4C53A1BB9E}.AppStore|iPhone.Build.0 = Release|Any CPU
		{DC92B755-754A-498F-BECF-0B4C53A1BB9E}.AppStore|iPhone.Deploy.0 = Release|Any CPU
		{DC92B755-754A-498F-BECF-0B4C53A1BB9E}.AppStore|iPhoneSimulator.ActiveCfg = Release|Any CPU
		{DC92B755-754A-498F-BECF-0B4C53A1BB9E}.AppStore|iPhoneSimulator.Build.0 = Release|Any CPU
		{DC92B755-754A-498F-BECF-0B4C53A1BB9E}.AppStore|iPhoneSimulator.Deploy.0 = Release|Any CPU
		{DC92B755-754A-498F-BECF-0B4C53A1BB9E}.AppStore|x64.ActiveCfg = Release|Any CPU
		{DC92B755-754A-498F-BECF-0B4C53A1BB9E}.AppStore|x64.Build.0 = Release|Any CPU
		{DC92B755-754A-498F-BECF-0B4C53A1BB9E}.AppStore|x64.Deploy.0 = Release|Any CPU
		{DC92B755-754A-498F-BECF-0B4C53A1BB9E}.AppStore|x86.ActiveCfg = Release|Any CPU
		{DC92B755-754A-498F-BECF-0B4C53A1BB9E}.AppStore|x86.Build.0 = Release|Any CPU
		{DC92B755-754A-498F-BECF-0B4C53A1BB9E}.AppStore|x86.Deploy.0 = Release|Any CPU
		{DC92B755-754A-498F-BECF-0B4C53A1BB9E}.Debug|Any CPU.ActiveCfg = Debug|Any CPU
		{DC92B755-754A-498F-BECF-0B4C53A1BB9E}.Debug|Any CPU.Build.0 = Debug|Any CPU
		{DC92B755-754A-498F-BECF-0B4C53A1BB9E}.Debug|Any CPU.Deploy.0 = Debug|Any CPU
		{DC92B755-754A-498F-BECF-0B4C53A1BB9E}.Debug|ARM.ActiveCfg = Debug|Any CPU
		{DC92B755-754A-498F-BECF-0B4C53A1BB9E}.Debug|ARM.Build.0 = Debug|Any CPU
		{DC92B755-754A-498F-BECF-0B4C53A1BB9E}.Debug|ARM.Deploy.0 = Debug|Any CPU
		{DC92B755-754A-498F-BECF-0B4C53A1BB9E}.Debug|iPhone.ActiveCfg = Debug|Any CPU
		{DC92B755-754A-498F-BECF-0B4C53A1BB9E}.Debug|iPhone.Build.0 = Debug|Any CPU
		{DC92B755-754A-498F-BECF-0B4C53A1BB9E}.Debug|iPhone.Deploy.0 = Debug|Any CPU
		{DC92B755-754A-498F-BECF-0B4C53A1BB9E}.Debug|iPhoneSimulator.ActiveCfg = Debug|Any CPU
		{DC92B755-754A-498F-BECF-0B4C53A1BB9E}.Debug|iPhoneSimulator.Build.0 = Debug|Any CPU
		{DC92B755-754A-498F-BECF-0B4C53A1BB9E}.Debug|iPhoneSimulator.Deploy.0 = Debug|Any CPU
		{DC92B755-754A-498F-BECF-0B4C53A1BB9E}.Debug|x64.ActiveCfg = Debug|Any CPU
		{DC92B755-754A-498F-BECF-0B4C53A1BB9E}.Debug|x64.Build.0 = Debug|Any CPU
		{DC92B755-754A-498F-BECF-0B4C53A1BB9E}.Debug|x64.Deploy.0 = Debug|Any CPU
		{DC92B755-754A-498F-BECF-0B4C53A1BB9E}.Debug|x86.ActiveCfg = Debug|Any CPU
		{DC92B755-754A-498F-BECF-0B4C53A1BB9E}.Debug|x86.Build.0 = Debug|Any CPU
		{DC92B755-754A-498F-BECF-0B4C53A1BB9E}.Debug|x86.Deploy.0 = Debug|Any CPU
		{DC92B755-754A-498F-BECF-0B4C53A1BB9E}.Release|Any CPU.ActiveCfg = Release|Any CPU
		{DC92B755-754A-498F-BECF-0B4C53A1BB9E}.Release|Any CPU.Build.0 = Release|Any CPU
		{DC92B755-754A-498F-BECF-0B4C53A1BB9E}.Release|Any CPU.Deploy.0 = Release|Any CPU
		{DC92B755-754A-498F-BECF-0B4C53A1BB9E}.Release|ARM.ActiveCfg = Release|Any CPU
		{DC92B755-754A-498F-BECF-0B4C53A1BB9E}.Release|ARM.Build.0 = Release|Any CPU
		{DC92B755-754A-498F-BECF-0B4C53A1BB9E}.Release|ARM.Deploy.0 = Release|Any CPU
		{DC92B755-754A-498F-BECF-0B4C53A1BB9E}.Release|iPhone.ActiveCfg = Release|Any CPU
		{DC92B755-754A-498F-BECF-0B4C53A1BB9E}.Release|iPhone.Build.0 = Release|Any CPU
		{DC92B755-754A-498F-BECF-0B4C53A1BB9E}.Release|iPhone.Deploy.0 = Release|Any CPU
		{DC92B755-754A-498F-BECF-0B4C53A1BB9E}.Release|iPhoneSimulator.ActiveCfg = Release|Any CPU
		{DC92B755-754A-498F-BECF-0B4C53A1BB9E}.Release|iPhoneSimulator.Build.0 = Release|Any CPU
		{DC92B755-754A-498F-BECF-0B4C53A1BB9E}.Release|iPhoneSimulator.Deploy.0 = Release|Any CPU
		{DC92B755-754A-498F-BECF-0B4C53A1BB9E}.Release|x64.ActiveCfg = Release|Any CPU
		{DC92B755-754A-498F-BECF-0B4C53A1BB9E}.Release|x64.Build.0 = Release|Any CPU
		{DC92B755-754A-498F-BECF-0B4C53A1BB9E}.Release|x64.Deploy.0 = Release|Any CPU
		{DC92B755-754A-498F-BECF-0B4C53A1BB9E}.Release|x86.ActiveCfg = Release|Any CPU
		{DC92B755-754A-498F-BECF-0B4C53A1BB9E}.Release|x86.Build.0 = Release|Any CPU
		{DC92B755-754A-498F-BECF-0B4C53A1BB9E}.Release|x86.Deploy.0 = Release|Any CPU
	EndGlobalSection
	GlobalSection(SolutionProperties) = preSolution
		HideSolutionNode = FALSE
	EndGlobalSection
	GlobalSection(ExtensibilityGlobals) = postSolution
		SolutionGuid = {DFC60649-2932-4B42-A23E-694AFFCE0320}
	EndGlobalSection
EndGlobal
